
Microsoft Visual Studio Solution File, Format Version 12.00
# Visual Studio Version 17
VisualStudioVersion = 17.9.34714.143
MinimumVisualStudioVersion = 10.0.40219.1
Project("{9A19103F-16F7-4668-BE54-9A1E7A4F7556}") = "ProcessamentoArquivos.Application", "src\ProcessamentoArquivos.Application\ProcessamentoArquivos.Application.csproj", "{4F7404BA-E6D8-439A-9223-819780D07B4C}"
EndProject
Project("{9A19103F-16F7-4668-BE54-9A1E7A4F7556}") = "ProcessamentoArquivos.Service", "src\ProcessamentoArquivos.Service\ProcessamentoArquivos.Service.csproj", "{DA5E82C3-5CA2-4FD5-B1CB-469AC619F3C8}"
EndProject
Project("{9A19103F-16F7-4668-BE54-9A1E7A4F7556}") = "ProcessamentoArquivos.Domain", "src\ProcessamentoArquivos.Domain\ProcessamentoArquivos.Domain.csproj", "{15FD45D1-EDF4-4ABB-8CAA-7B746D345D8C}"
EndProject
Project("{9A19103F-16F7-4668-BE54-9A1E7A4F7556}") = "ProcessamentoArquivos.Infraestructure", "src\ProcessamentoArquivos.Infraestructure\ProcessamentoArquivos.Infraestructure.csproj", "{E227F815-8B3F-4AEB-982B-D1411B4C57E3}"
EndProject
Project("{2150E333-8FDC-42A3-9474-1A3956D46DE8}") = "1 - Application", "1 - Application", "{3B5B3AE4-E90B-4B6B-A72A-C1C95D938B7A}"
EndProject
Project("{2150E333-8FDC-42A3-9474-1A3956D46DE8}") = "3 - Domain", "3 - Domain", "{B2026934-A28B-4375-91DB-505D7B2E2BF4}"
EndProject
Project("{2150E333-8FDC-42A3-9474-1A3956D46DE8}") = "2 - Service", "2 - Service", "{DB2A66E0-4114-46CA-B5CC-C23D6BFA1C58}"
EndProject
Project("{2150E333-8FDC-42A3-9474-1A3956D46DE8}") = "4 - Infraestructure", "4 - Infraestructure", "{D62CFF2B-D675-4A92-8372-BC969887D08F}"
EndProject
Global
	GlobalSection(SolutionConfigurationPlatforms) = preSolution
		Debug|Any CPU = Debug|Any CPU
		Release|Any CPU = Release|Any CPU
	EndGlobalSection
	GlobalSection(ProjectConfigurationPlatforms) = postSolution
		{4F7404BA-E6D8-439A-9223-819780D07B4C}.Debug|Any CPU.ActiveCfg = Debug|Any CPU
		{4F7404BA-E6D8-439A-9223-819780D07B4C}.Debug|Any CPU.Build.0 = Debug|Any CPU
		{4F7404BA-E6D8-439A-9223-819780D07B4C}.Release|Any CPU.ActiveCfg = Release|Any CPU
		{4F7404BA-E6D8-439A-9223-819780D07B4C}.Release|Any CPU.Build.0 = Release|Any CPU
		{DA5E82C3-5CA2-4FD5-B1CB-469AC619F3C8}.Debug|Any CPU.ActiveCfg = Debug|Any CPU
		{DA5E82C3-5CA2-4FD5-B1CB-469AC619F3C8}.Debug|Any CPU.Build.0 = Debug|Any CPU
		{DA5E82C3-5CA2-4FD5-B1CB-469AC619F3C8}.Release|Any CPU.ActiveCfg = Release|Any CPU
		{DA5E82C3-5CA2-4FD5-B1CB-469AC619F3C8}.Release|Any CPU.Build.0 = Release|Any CPU
		{15FD45D1-EDF4-4ABB-8CAA-7B746D345D8C}.Debug|Any CPU.ActiveCfg = Debug|Any CPU
		{15FD45D1-EDF4-4ABB-8CAA-7B746D345D8C}.Debug|Any CPU.Build.0 = Debug|Any CPU
		{15FD45D1-EDF4-4ABB-8CAA-7B746D345D8C}.Release|Any CPU.ActiveCfg = Release|Any CPU
		{15FD45D1-EDF4-4ABB-8CAA-7B746D345D8C}.Release|Any CPU.Build.0 = Release|Any CPU
		{E227F815-8B3F-4AEB-982B-D1411B4C57E3}.Debug|Any CPU.ActiveCfg = Debug|Any CPU
		{E227F815-8B3F-4AEB-982B-D1411B4C57E3}.Debug|Any CPU.Build.0 = Debug|Any CPU
		{E227F815-8B3F-4AEB-982B-D1411B4C57E3}.Release|Any CPU.ActiveCfg = Release|Any CPU
		{E227F815-8B3F-4AEB-982B-D1411B4C57E3}.Release|Any CPU.Build.0 = Release|Any CPU
	EndGlobalSection
	GlobalSection(SolutionProperties) = preSolution
		HideSolutionNode = FALSE
	EndGlobalSection
	GlobalSection(NestedProjects) = preSolution
		{4F7404BA-E6D8-439A-9223-819780D07B4C} = {3B5B3AE4-E90B-4B6B-A72A-C1C95D938B7A}
		{DA5E82C3-5CA2-4FD5-B1CB-469AC619F3C8} = {DB2A66E0-4114-46CA-B5CC-C23D6BFA1C58}
		{15FD45D1-EDF4-4ABB-8CAA-7B746D345D8C} = {B2026934-A28B-4375-91DB-505D7B2E2BF4}
		{E227F815-8B3F-4AEB-982B-D1411B4C57E3} = {D62CFF2B-D675-4A92-8372-BC969887D08F}
	EndGlobalSection
	GlobalSection(ExtensibilityGlobals) = postSolution
		SolutionGuid = {D186ED59-EE4C-4744-BD34-3E8C968BAC4D}
	EndGlobalSection
EndGlobal
